
Microsoft Visual Studio Solution File, Format Version 12.00
# Visual Studio Version 16
VisualStudioVersion = 16.0.32510.428
MinimumVisualStudioVersion = 10.0.40219.1
Project("{FAE04EC0-301F-11D3-BF4B-00C04F79EFBC}") = "Die-Hello", "Die-Hello.csproj", "{3E5B13DF-003F-4027-B3A3-92E30B506CB7}"
EndProject
Global
	GlobalSection(SolutionConfigurationPlatforms) = preSolution
		Debug|Any CPU = Debug|Any CPU
		Release|Any CPU = Release|Any CPU
	EndGlobalSection
	GlobalSection(ProjectConfigurationPlatforms) = postSolution
		{3E5B13DF-003F-4027-B3A3-92E30B506CB7}.Debug|Any CPU.ActiveCfg = Debug|Any CPU
		{3E5B13DF-003F-4027-B3A3-92E30B506CB7}.Debug|Any CPU.Build.0 = Debug|Any CPU
		{3E5B13DF-003F-4027-B3A3-92E30B506CB7}.Release|Any CPU.ActiveCfg = Release|Any CPU
		{3E5B13DF-003F-4027-B3A3-92E30B506CB7}.Release|Any CPU.Build.0 = Release|Any CPU
	EndGlobalSection
	GlobalSection(SolutionProperties) = preSolution
		HideSolutionNode = FALSE
	EndGlobalSection
	GlobalSection(ExtensibilityGlobals) = postSolution
		SolutionGuid = {F217CC11-64E0-498C-B8D8-0FF445C8A937}
	EndGlobalSection
EndGlobal
